<?xml version="1.0" encoding="UTF-8" standalone="yes" ?>
<CodeBlocks_project_file>
	<FileVersion major="1" minor="6" />
	<Project>
		<Option title="FlappySkull" />
		<Option pch_mode="2" />
		<Option compiler="gcc" />
		<Build>
			<Target title="Debug">
				<Option output="bin/Debug/FlappyEagle" prefix_auto="1" extension_auto="1" />
				<Option object_output="obj/Debug/" />
				<Option type="1" />
				<Option compiler="gcc" />
				<Compiler>
					<Add option="-g" />
				</Compiler>
			</Target>
			<Target title="Release">
				<Option output="bin/Release/FlappyEagle" prefix_auto="1" extension_auto="1" />
				<Option object_output="obj/Release/" />
				<Option type="1" />
				<Option compiler="gcc" />
				<Compiler>
					<Add option="-O2" />
				</Compiler>
				<Linker>
					<Add option="-s" />
				</Linker>
			</Target>
		</Build>
		<Compiler>
			<Add option="-Wall" />
			<Add option="-fexceptions" />
		</Compiler>
		<Unit filename="CommonFunc.cpp" />
		<Unit filename="CommonFunc.h" />
		<Unit filename="GameLoop.cpp" />
		<Unit filename="GameLoop.h" />
		<Unit filename="eagle.cpp" />
		<Unit filename="eagle.h" />
		<Unit filename="land.cpp" />
		<Unit filename="land.h" />
		<Unit filename="main.cpp" />
		<Unit filename="mixer.cpp" />
		<Unit filename="mixer.h" />
		<Unit filename="pipe.cpp" />
		<Unit filename="pipe.h" />
		<Unit filename="resource/bestScore.txt" />
		<Extensions>
			<lib_finder disable_auto="1" />
		</Extensions>
	</Project>
</CodeBlocks_project_file>
